{
	"name": "@my-scope/usage2",
	"version": "1.0.2",
	"lockfileVersion": 1,
	"requires": true,
	"dependencies": {
		"@my-scope/alpha": {
			"version": "1.1.0",
			"resolved": "http://localhost:4873/@my-scope%2falpha/-/alpha-1.1.0.tgz",
			"integrity": "sha512-Lj95r6Yz4hXPWmFeDz44+lHniA/Qhi8t4odJNFpd1ZFGb+7Q8s5mYSul7Ryavo2eKeC59GSqJoP/jc6yDsxZFw=="
		},
		"@my-scope/beta": {
			"version": "1.1.0",
			"resolved": "http://localhost:4873/@my-scope%2fbeta/-/beta-1.1.0.tgz",
			"integrity": "sha512-i3XH0ZZbjifPrEKG1wUknb82XyezysXDmyC89fiTALpoVlilZv0penZT2VOW1IwSRH62zitiTO0bVqejH/7rpQ=="
		}
	}
}
